// !$*UTF8*$!
{
	archiveVersion = 1;
	classes = {
	};
	objectVersion = 50;
	objects = {

/* Begin PBXBuildFile section */
		58C8E97723573F9000AA460D /* AppDelegate.swift in Sources */ = {isa = PBXBuildFile; fileRef = 58C8E97623573F8F00AA460D /* AppDelegate.swift */; };
		58C8E97923573F9000AA460D /* SceneDelegate.swift in Sources */ = {isa = PBXBuildFile; fileRef = 58C8E97823573F9000AA460D /* SceneDelegate.swift */; };
		58C8E97B23573F9000AA460D /* ContentView.swift in Sources */ = {isa = PBXBuildFile; fileRef = 58C8E97A23573F9000AA460D /* ContentView.swift */; };
		58C8E97D23573F9100AA460D /* Assets.xcassets in Resources */ = {isa = PBXBuildFile; fileRef = 58C8E97C23573F9100AA460D /* Assets.xcassets */; };
		58C8E98023573F9100AA460D /* Preview Assets.xcassets in Resources */ = {isa = PBXBuildFile; fileRef = 58C8E97F23573F9100AA460D /* Preview Assets.xcassets */; };
		58C8E98323573F9100AA460D /* LaunchScreen.storyboard in Resources */ = {isa = PBXBuildFile; fileRef = 58C8E98123573F9100AA460D /* LaunchScreen.storyboard */; };
		58C8E98E23573F9100AA460D /* TodoList_swiftTests.swift in Sources */ = {isa = PBXBuildFile; fileRef = 58C8E98D23573F9100AA460D /* TodoList_swiftTests.swift */; };
		58C8E99923573F9100AA460D /* TodoList_swiftUITests.swift in Sources */ = {isa = PBXBuildFile; fileRef = 58C8E99823573F9100AA460D /* TodoList_swiftUITests.swift */; };
/* End PBXBuildFile section */

/* Begin PBXContainerItemProxy section */
		58C8E98A23573F9100AA460D /* PBXContainerItemProxy */ = {
			isa = PBXContainerItemProxy;
			containerPortal = 58C8E96B23573F8F00AA460D /* Project object */;
			proxyType = 1;
			remoteGlobalIDString = 58C8E97223573F8F00AA460D;
			remoteInfo = TodoList_swift;
		};
		58C8E99523573F9100AA460D /* PBXContainerItemProxy */ = {
			isa = PBXContainerItemProxy;
			containerPortal = 58C8E96B23573F8F00AA460D /* Project object */;
			proxyType = 1;
			remoteGlobalIDString = 58C8E97223573F8F00AA460D;
			remoteInfo = TodoList_swift;
		};
/* End PBXContainerItemProxy section */

/* Begin PBXFileReference section */
		58C8E97323573F8F00AA460D /* TodoList_swift.app */ = {isa = PBXFileReference; explicitFileType = wrapper.application; includeInIndex = 0; path = TodoList_swift.app; sourceTree = BUILT_PRODUCTS_DIR; };
		58C8E97623573F8F00AA460D /* AppDelegate.swift */ = {isa = PBXFileReference; lastKnownFileType = sourcecode.swift; path = AppDelegate.swift; sourceTree = "<group>"; };
		58C8E97823573F9000AA460D /* SceneDelegate.swift */ = {isa = PBXFileReference; lastKnownFileType = sourcecode.swift; path = SceneDelegate.swift; sourceTree = "<group>"; };
		58C8E97A23573F9000AA460D /* ContentView.swift */ = {isa = PBXFileReference; lastKnownFileType = sourcecode.swift; path = ContentView.swift; sourceTree = "<group>"; };
		58C8E97C23573F9100AA460D /* Assets.xcassets */ = {isa = PBXFileReference; lastKnownFileType = folder.assetcatalog; path = Assets.xcassets; sourceTree = "<group>"; };
		58C8E97F23573F9100AA460D /* Preview Assets.xcassets */ = {isa = PBXFileReference; lastKnownFileType = folder.assetcatalog; path = "Preview Assets.xcassets"; sourceTree = "<group>"; };
		58C8E98223573F9100AA460D /* Base */ = {isa = PBXFileReference; lastKnownFileType = file.storyboard; name = Base; path = Base.lproj/LaunchScreen.storyboard; sourceTree = "<group>"; };
		58C8E98423573F9100AA460D /* Info.plist */ = {isa = PBXFileReference; lastKnownFileType = text.plist.xml; path = Info.plist; sourceTree = "<group>"; };
		58C8E98923573F9100AA460D /* TodoList_swiftTests.xctest */ = {isa = PBXFileReference; explicitFileType = wrapper.cfbundle; includeInIndex = 0; path = TodoList_swiftTests.xctest; sourceTree = BUILT_PRODUCTS_DIR; };
		58C8E98D23573F9100AA460D /* TodoList_swiftTests.swift */ = {isa = PBXFileReference; lastKnownFileType = sourcecode.swift; path = TodoList_swiftTests.swift; sourceTree = "<group>"; };
		58C8E98F23573F9100AA460D /* Info.plist */ = {isa = PBXFileReference; lastKnownFileType = text.plist.xml; path = Info.plist; sourceTree = "<group>"; };
		58C8E99423573F9100AA460D /* TodoList_swiftUITests.xctest */ = {isa = PBXFileReference; explicitFileType = wrapper.cfbundle; includeInIndex = 0; path = TodoList_swiftUITests.xctest; sourceTree = BUILT_PRODUCTS_DIR; };
		58C8E99823573F9100AA460D /* TodoList_swiftUITests.swift */ = {isa = PBXFileReference; lastKnownFileType = sourcecode.swift; path = TodoList_swiftUITests.swift; sourceTree = "<group>"; };
		58C8E99A23573F9100AA460D /* Info.plist */ = {isa = PBXFileReference; lastKnownFileType = text.plist.xml; path = Info.plist; sourceTree = "<group>"; };
/* End PBXFileReference section */

/* Begin PBXFrameworksBuildPhase section */
		58C8E97023573F8F00AA460D /* Frameworks */ = {
			isa = PBXFrameworksBuildPhase;
			buildActionMask = 2147483647;
			files = (
			);
			runOnlyForDeploymentPostprocessing = 0;
		};
		58C8E98623573F9100AA460D /* Frameworks */ = {
			isa = PBXFrameworksBuildPhase;
			buildActionMask = 2147483647;
			files = (
			);
			runOnlyForDeploymentPostprocessing = 0;
		};
		58C8E99123573F9100AA460D /* Frameworks */ = {
			isa = PBXFrameworksBuildPhase;
			buildActionMask = 2147483647;
			files = (
			);
			runOnlyForDeploymentPostprocessing = 0;
		};
/* End PBXFrameworksBuildPhase section */

/* Begin PBXGroup section */
		58C8E96A23573F8F00AA460D = {
			isa = PBXGroup;
			children = (
				58C8E97523573F8F00AA460D /* TodoList_swift */,
				58C8E98C23573F9100AA460D /* TodoList_swiftTests */,
				58C8E99723573F9100AA460D /* TodoList_swiftUITests */,
				58C8E97423573F8F00AA460D /* Products */,
			);
			sourceTree = "<group>";
		};
		58C8E97423573F8F00AA460D /* Products */ = {
			isa = PBXGroup;
			children = (
				58C8E97323573F8F00AA460D /* TodoList_swift.app */,
				58C8E98923573F9100AA460D /* TodoList_swiftTests.xctest */,
				58C8E99423573F9100AA460D /* TodoList_swiftUITests.xctest */,
			);
			name = Products;
			sourceTree = "<group>";
		};
		58C8E97523573F8F00AA460D /* TodoList_swift */ = {
			isa = PBXGroup;
			children = (
				58C8E97623573F8F00AA460D /* AppDelegate.swift */,
				58C8E97823573F9000AA460D /* SceneDelegate.swift */,
				58C8E97A23573F9000AA460D /* ContentView.swift */,
				58C8E97C23573F9100AA460D /* Assets.xcassets */,
				58C8E98123573F9100AA460D /* LaunchScreen.storyboard */,
				58C8E98423573F9100AA460D /* Info.plist */,
				58C8E97E23573F9100AA460D /* Preview Content */,
			);
			path = TodoList_swift;
			sourceTree = "<group>";
		};
		58C8E97E23573F9100AA460D /* Preview Content */ = {
			isa = PBXGroup;
			children = (
				58C8E97F23573F9100AA460D /* Preview Assets.xcassets */,
			);
			path = "Preview Content";
			sourceTree = "<group>";
		};
		58C8E98C23573F9100AA460D /* TodoList_swiftTests */ = {
			isa = PBXGroup;
			children = (
				58C8E98D23573F9100AA460D /* TodoList_swiftTests.swift */,
				58C8E98F23573F9100AA460D /* Info.plist */,
			);
			path = TodoList_swiftTests;
			sourceTree = "<group>";
		};
		58C8E99723573F9100AA460D /* TodoList_swiftUITests */ = {
			isa = PBXGroup;
			children = (
				58C8E99823573F9100AA460D /* TodoList_swiftUITests.swift */,
				58C8E99A23573F9100AA460D /* Info.plist */,
			);
			path = TodoList_swiftUITests;
			sourceTree = "<group>";
		};
/* End PBXGroup section */

/* Begin PBXNativeTarget section */
		58C8E97223573F8F00AA460D /* TodoList_swift */ = {
			isa = PBXNativeTarget;
			buildConfigurationList = 58C8E99D23573F9100AA460D /* Build configuration list for PBXNativeTarget "TodoList_swift" */;
			buildPhases = (
				58C8E96F23573F8F00AA460D /* Sources */,
				58C8E97023573F8F00AA460D /* Frameworks */,
				58C8E97123573F8F00AA460D /* Resources */,
			);
			buildRules = (
			);
			dependencies = (
			);
			name = TodoList_swift;
			productName = TodoList_swift;
			productReference = 58C8E97323573F8F00AA460D /* TodoList_swift.app */;
			productType = "com.apple.product-type.application";
		};
		58C8E98823573F9100AA460D /* TodoList_swiftTests */ = {
			isa = PBXNativeTarget;
			buildConfigurationList = 58C8E9A023573F9100AA460D /* Build configuration list for PBXNativeTarget "TodoList_swiftTests" */;
			buildPhases = (
				58C8E98523573F9100AA460D /* Sources */,
				58C8E98623573F9100AA460D /* Frameworks */,
				58C8E98723573F9100AA460D /* Resources */,
			);
			buildRules = (
			);
			dependencies = (
				58C8E98B23573F9100AA460D /* PBXTargetDependency */,
			);
			name = TodoList_swiftTests;
			productName = TodoList_swiftTests;
			productReference = 58C8E98923573F9100AA460D /* TodoList_swiftTests.xctest */;
			productType = "com.apple.product-type.bundle.unit-test";
		};
		58C8E99323573F9100AA460D /* TodoList_swiftUITests */ = {
			isa = PBXNativeTarget;
			buildConfigurationList = 58C8E9A323573F9100AA460D /* Build configuration list for PBXNativeTarget "TodoList_swiftUITests" */;
			buildPhases = (
				58C8E99023573F9100AA460D /* Sources */,
				58C8E99123573F9100AA460D /* Frameworks */,
				58C8E99223573F9100AA460D /* Resources */,
			);
			buildRules = (
			);
			dependencies = (
				58C8E99623573F9100AA460D /* PBXTargetDependency */,
			);
			name = TodoList_swiftUITests;
			productName = TodoList_swiftUITests;
			productReference = 58C8E99423573F9100AA460D /* TodoList_swiftUITests.xctest */;
			productType = "com.apple.product-type.bundle.ui-testing";
		};
/* End PBXNativeTarget section */

/* Begin PBXProject section */
		58C8E96B23573F8F00AA460D /* Project object */ = {
			isa = PBXProject;
			attributes = {
				LastSwiftUpdateCheck = 1110;
				LastUpgradeCheck = 1110;
				ORGANIZATIONNAME = "송명진";
				TargetAttributes = {
					58C8E97223573F8F00AA460D = {
						CreatedOnToolsVersion = 11.1;
					};
					58C8E98823573F9100AA460D = {
						CreatedOnToolsVersion = 11.1;
						TestTargetID = 58C8E97223573F8F00AA460D;
					};
					58C8E99323573F9100AA460D = {
						CreatedOnToolsVersion = 11.1;
						TestTargetID = 58C8E97223573F8F00AA460D;
					};
				};
			};
			buildConfigurationList = 58C8E96E23573F8F00AA460D /* Build configuration list for PBXProject "TodoList_swift" */;
			compatibilityVersion = "Xcode 9.3";
			developmentRegion = en;
			hasScannedForEncodings = 0;
			knownRegions = (
				en,
				Base,
			);
			mainGroup = 58C8E96A23573F8F00AA460D;
			productRefGroup = 58C8E97423573F8F00AA460D /* Products */;
			projectDirPath = "";
			projectRoot = "";
			targets = (
				58C8E97223573F8F00AA460D /* TodoList_swift */,
				58C8E98823573F9100AA460D /* TodoList_swiftTests */,
				58C8E99323573F9100AA460D /* TodoList_swiftUITests */,
			);
		};
/* End PBXProject section */

/* Begin PBXResourcesBuildPhase section */
		58C8E97123573F8F00AA460D /* Resources */ = {
			isa = PBXResourcesBuildPhase;
			buildActionMask = 2147483647;
			files = (
				58C8E98323573F9100AA460D /* LaunchScreen.storyboard in Resources */,
				58C8E98023573F9100AA460D /* Preview Assets.xcassets in Resources */,
				58C8E97D23573F9100AA460D /* Assets.xcassets in Resources */,
			);
			runOnlyForDeploymentPostprocessing = 0;
		};
		58C8E98723573F9100AA460D /* Resources */ = {
			isa = PBXResourcesBuildPhase;
			buildActionMask = 2147483647;
			files = (
			);
			runOnlyForDeploymentPostprocessing = 0;
		};
		58C8E99223573F9100AA460D /* Resources */ = {
			isa = PBXResourcesBuildPhase;
			buildActionMask = 2147483647;
			files = (
			);
			runOnlyForDeploymentPostprocessing = 0;
		};
/* End PBXResourcesBuildPhase section */

/* Begin PBXSourcesBuildPhase section */
		58C8E96F23573F8F00AA460D /* Sources */ = {
			isa = PBXSourcesBuildPhase;
			buildActionMask = 2147483647;
			files = (
				58C8E97723573F9000AA460D /* AppDelegate.swift in Sources */,
				58C8E97923573F9000AA460D /* SceneDelegate.swift in Sources */,
				58C8E97B23573F9000AA460D /* ContentView.swift in Sources */,
			);
			runOnlyForDeploymentPostprocessing = 0;
		};
		58C8E98523573F9100AA460D /* Sources */ = {
			isa = PBXSourcesBuildPhase;
			buildActionMask = 2147483647;
			files = (
				58C8E98E23573F9100AA460D /* TodoList_swiftTests.swift in Sources */,
			);
			runOnlyForDeploymentPostprocessing = 0;
		};
		58C8E99023573F9100AA460D /* Sources */ = {
			isa = PBXSourcesBuildPhase;
			buildActionMask = 2147483647;
			files = (
				58C8E99923573F9100AA460D /* TodoList_swiftUITests.swift in Sources */,
			);
			runOnlyForDeploymentPostprocessing = 0;
		};
/* End PBXSourcesBuildPhase section */

/* Begin PBXTargetDependency section */
		58C8E98B23573F9100AA460D /* PBXTargetDependency */ = {
			isa = PBXTargetDependency;
			target = 58C8E97223573F8F00AA460D /* TodoList_swift */;
			targetProxy = 58C8E98A23573F9100AA460D /* PBXContainerItemProxy */;
		};
		58C8E99623573F9100AA460D /* PBXTargetDependency */ = {
			isa = PBXTargetDependency;
			target = 58C8E97223573F8F00AA460D /* TodoList_swift */;
			targetProxy = 58C8E99523573F9100AA460D /* PBXContainerItemProxy */;
		};
/* End PBXTargetDependency section */

/* Begin PBXVariantGroup section */
		58C8E98123573F9100AA460D /* LaunchScreen.storyboard */ = {
			isa = PBXVariantGroup;
			children = (
				58C8E98223573F9100AA460D /* Base */,
			);
			name = LaunchScreen.storyboard;
			sourceTree = "<group>";
		};
/* End PBXVariantGroup section */

/* Begin XCBuildConfiguration section */
		58C8E99B23573F9100AA460D /* Debug */ = {
			isa = XCBuildConfiguration;
			buildSettings = {
				ALWAYS_SEARCH_USER_PATHS = NO;
				CLANG_ANALYZER_NONNULL = YES;
				CLANG_ANALYZER_NUMBER_OBJECT_CONVERSION = YES_AGGRESSIVE;
				CLANG_CXX_LANGUAGE_STANDARD = "gnu++14";
				CLANG_CXX_LIBRARY = "libc++";
				CLANG_ENABLE_MODULES = YES;
				CLANG_ENABLE_OBJC_ARC = YES;
				CLANG_ENABLE_OBJC_WEAK = YES;
				CLANG_WARN_BLOCK_CAPTURE_AUTORELEASING = YES;
				CLANG_WARN_BOOL_CONVERSION = YES;
				CLANG_WARN_COMMA = YES;
				CLANG_WARN_CONSTANT_CONVERSION = YES;
				CLANG_WARN_DEPRECATED_OBJC_IMPLEMENTATIONS = YES;
				CLANG_WARN_DIRECT_OBJC_ISA_USAGE = YES_ERROR;
				CLANG_WARN_DOCUMENTATION_COMMENTS = YES;
				CLANG_WARN_EMPTY_BODY = YES;
				CLANG_WARN_ENUM_CONVERSION = YES;
				CLANG_WARN_INFINITE_RECURSION = YES;
				CLANG_WARN_INT_CONVERSION = YES;
				CLANG_WARN_NON_LITERAL_NULL_CONVERSION = YES;
				CLANG_WARN_OBJC_IMPLICIT_RETAIN_SELF = YES;
				CLANG_WARN_OBJC_LITERAL_CONVERSION = YES;
				CLANG_WARN_OBJC_ROOT_CLASS = YES_ERROR;
				CLANG_WARN_RANGE_LOOP_ANALYSIS = YES;
				CLANG_WARN_STRICT_PROTOTYPES = YES;
				CLANG_WARN_SUSPICIOUS_MOVE = YES;
				CLANG_WARN_UNGUARDED_AVAILABILITY = YES_AGGRESSIVE;
				CLANG_WARN_UNREACHABLE_CODE = YES;
				CLANG_WARN__DUPLICATE_METHOD_MATCH = YES;
				COPY_PHASE_STRIP = NO;
				DEBUG_INFORMATION_FORMAT = dwarf;
				ENABLE_STRICT_OBJC_MSGSEND = YES;
				ENABLE_TESTABILITY = YES;
				GCC_C_LANGUAGE_STANDARD = gnu11;
				GCC_DYNAMIC_NO_PIC = NO;
				GCC_NO_COMMON_BLOCKS = YES;
				GCC_OPTIMIZATION_LEVEL = 0;
				GCC_PREPROCESSOR_DEFINITIONS = (
					"DEBUG=1",
					"$(inherited)",
				);
				GCC_WARN_64_TO_32_BIT_CONVERSION = YES;
				GCC_WARN_ABOUT_RETURN_TYPE = YES_ERROR;
				GCC_WARN_UNDECLARED_SELECTOR = YES;
				GCC_WARN_UNINITIALIZED_AUTOS = YES_AGGRESSIVE;
				GCC_WARN_UNUSED_FUNCTION = YES;
				GCC_WARN_UNUSED_VARIABLE = YES;
				IPHONEOS_DEPLOYMENT_TARGET = 13.1;
				MTL_ENABLE_DEBUG_INFO = INCLUDE_SOURCE;
				MTL_FAST_MATH = YES;
				ONLY_ACTIVE_ARCH = YES;
				SDKROOT = iphoneos;
				SWIFT_ACTIVE_COMPILATION_CONDITIONS = DEBUG;
				SWIFT_OPTIMIZATION_LEVEL = "-Onone";
			};
			name = Debug;
		};
		58C8E99C23573F9100AA460D /* Release */ = {
			isa = XCBuildConfiguration;
			buildSettings = {
				ALWAYS_SEARCH_USER_PATHS = NO;
				CLANG_ANALYZER_NONNULL = YES;
				CLANG_ANALYZER_NUMBER_OBJECT_CONVERSION = YES_AGGRESSIVE;
				CLANG_CXX_LANGUAGE_STANDARD = "gnu++14";
				CLANG_CXX_LIBRARY = "libc++";
				CLANG_ENABLE_MODULES = YES;
				CLANG_ENABLE_OBJC_ARC = YES;
				CLANG_ENABLE_OBJC_WEAK = YES;
				CLANG_WARN_BLOCK_CAPTURE_AUTORELEASING = YES;
				CLANG_WARN_BOOL_CONVERSION = YES;
				CLANG_WARN_COMMA = YES;
				CLANG_WARN_CONSTANT_CONVERSION = YES;
				CLANG_WARN_DEPRECATED_OBJC_IMPLEMENTATIONS = YES;
				CLANG_WARN_DIRECT_OBJC_ISA_USAGE = YES_ERROR;
				CLANG_WARN_DOCUMENTATION_COMMENTS = YES;
				CLANG_WARN_EMPTY_BODY = YES;
				CLANG_WARN_ENUM_CONVERSION = YES;
				CLANG_WARN_INFINITE_RECURSION = YES;
				CLANG_WARN_INT_CONVERSION = YES;
				CLANG_WARN_NON_LITERAL_NULL_CONVERSION = YES;
				CLANG_WARN_OBJC_IMPLICIT_RETAIN_SELF = YES;
				CLANG_WARN_OBJC_LITERAL_CONVERSION = YES;
				CLANG_WARN_OBJC_ROOT_CLASS = YES_ERROR;
				CLANG_WARN_RANGE_LOOP_ANALYSIS = YES;
				CLANG_WARN_STRICT_PROTOTYPES = YES;
				CLANG_WARN_SUSPICIOUS_MOVE = YES;
				CLANG_WARN_UNGUARDED_AVAILABILITY = YES_AGGRESSIVE;
				CLANG_WARN_UNREACHABLE_CODE = YES;
				CLANG_WARN__DUPLICATE_METHOD_MATCH = YES;
				COPY_PHASE_STRIP = NO;
				DEBUG_INFORMATION_FORMAT = "dwarf-with-dsym";
				ENABLE_NS_ASSERTIONS = NO;
				ENABLE_STRICT_OBJC_MSGSEND = YES;
				GCC_C_LANGUAGE_STANDARD = gnu11;
				GCC_NO_COMMON_BLOCKS = YES;
				GCC_WARN_64_TO_32_BIT_CONVERSION = YES;
				GCC_WARN_ABOUT_RETURN_TYPE = YES_ERROR;
				GCC_WARN_UNDECLARED_SELECTOR = YES;
				GCC_WARN_UNINITIALIZED_AUTOS = YES_AGGRESSIVE;
				GCC_WARN_UNUSED_FUNCTION = YES;
				GCC_WARN_UNUSED_VARIABLE = YES;
				IPHONEOS_DEPLOYMENT_TARGET = 13.1;
				MTL_ENABLE_DEBUG_INFO = NO;
				MTL_FAST_MATH = YES;
				SDKROOT = iphoneos;
				SWIFT_COMPILATION_MODE = wholemodule;
				SWIFT_OPTIMIZATION_LEVEL = "-O";
				VALIDATE_PRODUCT = YES;
			};
			name = Release;
		};
		58C8E99E23573F9100AA460D /* Debug */ = {
			isa = XCBuildConfiguration;
			buildSettings = {
				ASSETCATALOG_COMPILER_APPICON_NAME = AppIcon;
				CODE_SIGN_STYLE = Automatic;
				DEVELOPMENT_ASSET_PATHS = "\"TodoList_swift/Preview Content\"";
				ENABLE_PREVIEWS = YES;
				INFOPLIST_FILE = TodoList_swift/Info.plist;
				LD_RUNPATH_SEARCH_PATHS = (
					"$(inherited)",
					"@executable_path/Frameworks",
				);
				PRODUCT_BUNDLE_IDENTIFIER = "org.rumblekat.TodoList-swift";
				PRODUCT_NAME = "$(TARGET_NAME)";
				SWIFT_VERSION = 5.0;
				TARGETED_DEVICE_FAMILY = "1,2";
			};
			name = Debug;
		};
		58C8E99F23573F9100AA460D /* Release */ = {
			isa = XCBuildConfiguration;
			buildSettings = {
				ASSETCATALOG_COMPILER_APPICON_NAME = AppIcon;
				CODE_SIGN_STYLE = Automatic;
				DEVELOPMENT_ASSET_PATHS = "\"TodoList_swift/Preview Content\"";
				ENABLE_PREVIEWS = YES;
				INFOPLIST_FILE = TodoList_swift/Info.plist;
				LD_RUNPATH_SEARCH_PATHS = (
					"$(inherited)",
					"@executable_path/Frameworks",
				);
				PRODUCT_BUNDLE_IDENTIFIER = "org.rumblekat.TodoList-swift";
				PRODUCT_NAME = "$(TARGET_NAME)";
				SWIFT_VERSION = 5.0;
				TARGETED_DEVICE_FAMILY = "1,2";
			};
			name = Release;
		};
		58C8E9A123573F9100AA460D /* Debug */ = {
			isa = XCBuildConfiguration;
			buildSettings = {
				ALWAYS_EMBED_SWIFT_STANDARD_LIBRARIES = YES;
				BUNDLE_LOADER = "$(TEST_HOST)";
				CODE_SIGN_STYLE = Automatic;
				INFOPLIST_FILE = TodoList_swiftTests/Info.plist;
				IPHONEOS_DEPLOYMENT_TARGET = 13.1;
				LD_RUNPATH_SEARCH_PATHS = (
					"$(inherited)",
					"@executable_path/Frameworks",
					"@loader_path/Frameworks",
				);
				PRODUCT_BUNDLE_IDENTIFIER = "org.rumblekat.TodoList-swiftTests";
				PRODUCT_NAME = "$(TARGET_NAME)";
				SWIFT_VERSION = 5.0;
				TARGETED_DEVICE_FAMILY = "1,2";
				TEST_HOST = "$(BUILT_PRODUCTS_DIR)/TodoList_swift.app/TodoList_swift";
			};
			name = Debug;
		};
		58C8E9A223573F9100AA460D /* Release */ = {
			isa = XCBuildConfiguration;
			buildSettings = {
				ALWAYS_EMBED_SWIFT_STANDARD_LIBRARIES = YES;
				BUNDLE_LOADER = "$(TEST_HOST)";
				CODE_SIGN_STYLE = Automatic;
				INFOPLIST_FILE = TodoList_swiftTests/Info.plist;
				IPHONEOS_DEPLOYMENT_TARGET = 13.1;
				LD_RUNPATH_SEARCH_PATHS = (
					"$(inherited)",
					"@executable_path/Frameworks",
					"@loader_path/Frameworks",
				);
				PRODUCT_BUNDLE_IDENTIFIER = "org.rumblekat.TodoList-swiftTests";
				PRODUCT_NAME = "$(TARGET_NAME)";
				SWIFT_VERSION = 5.0;
				TARGETED_DEVICE_FAMILY = "1,2";
				TEST_HOST = "$(BUILT_PRODUCTS_DIR)/TodoList_swift.app/TodoList_swift";
			};
			name = Release;
		};
		58C8E9A423573F9100AA460D /* Debug */ = {
			isa = XCBuildConfiguration;
			buildSettings = {
				ALWAYS_EMBED_SWIFT_STANDARD_LIBRARIES = YES;
				CODE_SIGN_STYLE = Automatic;
				INFOPLIST_FILE = TodoList_swiftUITests/Info.plist;
				LD_RUNPATH_SEARCH_PATHS = (
					"$(inherited)",
					"@executable_path/Frameworks",
					"@loader_path/Frameworks",
				);
				PRODUCT_BUNDLE_IDENTIFIER = "org.rumblekat.TodoList-swiftUITests";
				PRODUCT_NAME = "$(TARGET_NAME)";
				SWIFT_VERSION = 5.0;
				TARGETED_DEVICE_FAMILY = "1,2";
				TEST_TARGET_NAME = TodoList_swift;
			};
			name = Debug;
		};
		58C8E9A523573F9100AA460D /* Release */ = {
			isa = XCBuildConfiguration;
			buildSettings = {
				ALWAYS_EMBED_SWIFT_STANDARD_LIBRARIES = YES;
				CODE_SIGN_STYLE = Automatic;
				INFOPLIST_FILE = TodoList_swiftUITests/Info.plist;
				LD_RUNPATH_SEARCH_PATHS = (
					"$(inherited)",
					"@executable_path/Frameworks",
					"@loader_path/Frameworks",
				);
				PRODUCT_BUNDLE_IDENTIFIER = "org.rumblekat.TodoList-swiftUITests";
				PRODUCT_NAME = "$(TARGET_NAME)";
				SWIFT_VERSION = 5.0;
				TARGETED_DEVICE_FAMILY = "1,2";
				TEST_TARGET_NAME = TodoList_swift;
			};
			name = Release;
		};
/* End XCBuildConfiguration section */

/* Begin XCConfigurationList section */
		58C8E96E23573F8F00AA460D /* Build configuration list for PBXProject "TodoList_swift" */ = {
			isa = XCConfigurationList;
			buildConfigurations = (
				58C8E99B23573F9100AA460D /* Debug */,
				58C8E99C23573F9100AA460D /* Release */,
			);
			defaultConfigurationIsVisible = 0;
			defaultConfigurationName = Release;
		};
		58C8E99D23573F9100AA460D /* Build configuration list for PBXNativeTarget "TodoList_swift" */ = {
			isa = XCConfigurationList;
			buildConfigurations = (
				58C8E99E23573F9100AA460D /* Debug */,
				58C8E99F23573F9100AA460D /* Release */,
			);
			defaultConfigurationIsVisible = 0;
			defaultConfigurationName = Release;
		};
		58C8E9A023573F9100AA460D /* Build configuration list for PBXNativeTarget "TodoList_swiftTests" */ = {
			isa = XCConfigurationList;
			buildConfigurations = (
				58C8E9A123573F9100AA460D /* Debug */,
				58C8E9A223573F9100AA460D /* Release */,
			);
			defaultConfigurationIsVisible = 0;
			defaultConfigurationName = Release;
		};
		58C8E9A323573F9100AA460D /* Build configuration list for PBXNativeTarget "TodoList_swiftUITests" */ = {
			isa = XCConfigurationList;
			buildConfigurations = (
				58C8E9A423573F9100AA460D /* Debug */,
				58C8E9A523573F9100AA460D /* Release */,
			);
			defaultConfigurationIsVisible = 0;
			defaultConfigurationName = Release;
		};
/* End XCConfigurationList section */
	};
	rootObject = 58C8E96B23573F8F00AA460D /* Project object */;
}
